
Microsoft Visual Studio Solution File, Format Version 12.00
# Visual Studio Version 17
VisualStudioVersion = 17.2.32519.379
MinimumVisualStudioVersion = 10.0.40219.1
Project("{FAE04EC0-301F-11D3-BF4B-00C04F79EFBC}") = "Deserialize_KSkuratowicz2NS", "Deserialize_KSkuratowicz2NS\Deserialize_KSkuratowicz2NS.csproj", "{322C8049-23A5-42ED-A952-4A2C538D8730}"
EndProject
Global
	GlobalSection(SolutionConfigurationPlatforms) = preSolution
		Debug|Any CPU = Debug|Any CPU
		Release|Any CPU = Release|Any CPU
	EndGlobalSection
	GlobalSection(ProjectConfigurationPlatforms) = postSolution
		{322C8049-23A5-42ED-A952-4A2C538D8730}.Debug|Any CPU.ActiveCfg = Debug|Any CPU
		{322C8049-23A5-42ED-A952-4A2C538D8730}.Debug|Any CPU.Build.0 = Debug|Any CPU
		{322C8049-23A5-42ED-A952-4A2C538D8730}.Release|Any CPU.ActiveCfg = Release|Any CPU
		{322C8049-23A5-42ED-A952-4A2C538D8730}.Release|Any CPU.Build.0 = Release|Any CPU
	EndGlobalSection
	GlobalSection(SolutionProperties) = preSolution
		HideSolutionNode = FALSE
	EndGlobalSection
	GlobalSection(ExtensibilityGlobals) = postSolution
		SolutionGuid = {963BFE82-B442-4588-ABA6-D35FFEB9AEE4}
	EndGlobalSection
EndGlobal
